
Microsoft Visual Studio Solution File, Format Version 12.00
# Visual Studio 2017
Project("{FAE04EC0-301F-11D3-BF4B-00C04F79EFBC}") = "Intro-To-Unity-Project", "Intro-To-Unity-Project.csproj", "{352A9119-5F5A-DF90-8385-04AC17EE255D}"
<<<<<<< HEAD
=======
EndProject
Project("{FAE04EC0-301F-11D3-BF4B-00C04F79EFBC}") = "Intro-To-Unity-Project.Editor", "Intro-To-Unity-Project.Editor.csproj", "{23E1D7FE-305A-E7B6-4A24-E82126ED0FC1}"
>>>>>>> 2728324a33a7247b54242d1e6b945d8c5e71b78f
EndProject
Global
	GlobalSection(SolutionConfigurationPlatforms) = preSolution
		Debug|Any CPU = Debug|Any CPU
		Release|Any CPU = Release|Any CPU
	EndGlobalSection
	GlobalSection(ProjectConfigurationPlatforms) = postSolution
		{352A9119-5F5A-DF90-8385-04AC17EE255D}.Debug|Any CPU.ActiveCfg = Debug|Any CPU
		{352A9119-5F5A-DF90-8385-04AC17EE255D}.Debug|Any CPU.Build.0 = Debug|Any CPU
		{352A9119-5F5A-DF90-8385-04AC17EE255D}.Release|Any CPU.ActiveCfg = Release|Any CPU
		{352A9119-5F5A-DF90-8385-04AC17EE255D}.Release|Any CPU.Build.0 = Release|Any CPU
<<<<<<< HEAD
=======
		{23E1D7FE-305A-E7B6-4A24-E82126ED0FC1}.Debug|Any CPU.ActiveCfg = Debug|Any CPU
		{23E1D7FE-305A-E7B6-4A24-E82126ED0FC1}.Debug|Any CPU.Build.0 = Debug|Any CPU
		{23E1D7FE-305A-E7B6-4A24-E82126ED0FC1}.Release|Any CPU.ActiveCfg = Release|Any CPU
		{23E1D7FE-305A-E7B6-4A24-E82126ED0FC1}.Release|Any CPU.Build.0 = Release|Any CPU
>>>>>>> 2728324a33a7247b54242d1e6b945d8c5e71b78f
	EndGlobalSection
	GlobalSection(SolutionProperties) = preSolution
		HideSolutionNode = FALSE
	EndGlobalSection
EndGlobal
