
Microsoft Visual Studio Solution File, Format Version 12.00
# Visual Studio 2017
Project("{FAE04EC0-301F-11D3-BF4B-00C04F79EFBC}") = "Intro-To-Unity-Project", "Intro-To-Unity-Project.csproj", "{352A9119-5F5A-DF90-8385-04AC17EE255D}"
EndProject
Global
	GlobalSection(SolutionConfigurationPlatforms) = preSolution
		Debug|Any CPU = Debug|Any CPU
		Release|Any CPU = Release|Any CPU
	EndGlobalSection
	GlobalSection(ProjectConfigurationPlatforms) = postSolution
		{352A9119-5F5A-DF90-8385-04AC17EE255D}.Debug|Any CPU.ActiveCfg = Debug|Any CPU
		{352A9119-5F5A-DF90-8385-04AC17EE255D}.Debug|Any CPU.Build.0 = Debug|Any CPU
		{352A9119-5F5A-DF90-8385-04AC17EE255D}.Release|Any CPU.ActiveCfg = Release|Any CPU
		{352A9119-5F5A-DF90-8385-04AC17EE255D}.Release|Any CPU.Build.0 = Release|Any CPU
	EndGlobalSection
	GlobalSection(SolutionProperties) = preSolution
		HideSolutionNode = FALSE
	EndGlobalSection
EndGlobal
