
Microsoft Visual Studio Solution File, Format Version 11.00
# Visual Studio 2010
Project("{FAE04EC0-301F-11D3-BF4B-00C04F79EFBC}") = "Intro-To-Unity-Project", "Assembly-CSharp.csproj", "{2383D179-5FA1-5786-AFA6-FE45138E9C17}"
EndProject
Project("{FAE04EC0-301F-11D3-BF4B-00C04F79EFBC}") = "Intro-To-Unity-Project", "Assembly-CSharp-firstpass.csproj", "{5CCFC854-7188-0870-A02E-1345E2FDF04B}"
EndProject
Project("{FAE04EC0-301F-11D3-BF4B-00C04F79EFBC}") = "Intro-To-Unity-Project", "Assembly-CSharp-Editor-firstpass.csproj", "{4712BA0D-02EE-FD7E-1FE7-5CCDD6ED9A6E}"
EndProject
Global
	GlobalSection(SolutionConfigurationPlatforms) = preSolution
		Debug|Any CPU = Debug|Any CPU
		Release|Any CPU = Release|Any CPU
	EndGlobalSection
	GlobalSection(ProjectConfigurationPlatforms) = postSolution
		{2383D179-5FA1-5786-AFA6-FE45138E9C17}.Debug|Any CPU.ActiveCfg = Debug|Any CPU
		{2383D179-5FA1-5786-AFA6-FE45138E9C17}.Debug|Any CPU.Build.0 = Debug|Any CPU
		{2383D179-5FA1-5786-AFA6-FE45138E9C17}.Release|Any CPU.ActiveCfg = Release|Any CPU
		{2383D179-5FA1-5786-AFA6-FE45138E9C17}.Release|Any CPU.Build.0 = Release|Any CPU
		{5CCFC854-7188-0870-A02E-1345E2FDF04B}.Debug|Any CPU.ActiveCfg = Debug|Any CPU
		{5CCFC854-7188-0870-A02E-1345E2FDF04B}.Debug|Any CPU.Build.0 = Debug|Any CPU
		{5CCFC854-7188-0870-A02E-1345E2FDF04B}.Release|Any CPU.ActiveCfg = Release|Any CPU
		{5CCFC854-7188-0870-A02E-1345E2FDF04B}.Release|Any CPU.Build.0 = Release|Any CPU
		{4712BA0D-02EE-FD7E-1FE7-5CCDD6ED9A6E}.Debug|Any CPU.ActiveCfg = Debug|Any CPU
		{4712BA0D-02EE-FD7E-1FE7-5CCDD6ED9A6E}.Debug|Any CPU.Build.0 = Debug|Any CPU
		{4712BA0D-02EE-FD7E-1FE7-5CCDD6ED9A6E}.Release|Any CPU.ActiveCfg = Release|Any CPU
		{4712BA0D-02EE-FD7E-1FE7-5CCDD6ED9A6E}.Release|Any CPU.Build.0 = Release|Any CPU
	EndGlobalSection
	GlobalSection(SolutionProperties) = preSolution
		HideSolutionNode = FALSE
	EndGlobalSection
	GlobalSection(MonoDevelopProperties) = preSolution
		StartupItem = Assembly-CSharp.csproj
	EndGlobalSection
EndGlobal
